
Microsoft Visual Studio Solution File, Format Version 12.00
# Visual Studio Version 17
VisualStudioVersion = 17.5.002.0
MinimumVisualStudioVersion = 10.0.40219.1
Project("{9A19103F-16F7-4668-BE54-9A1E7A4F7556}") = "Projeto_Web-Lh_Pets_Alunos", "Projeto_Web-Lh_Pets_Alunos.csproj", "{B75DB1AE-EAD4-4939-A06F-93A086E5E062}"
EndProject
Global
	GlobalSection(SolutionConfigurationPlatforms) = preSolution
		Debug|Any CPU = Debug|Any CPU
		Release|Any CPU = Release|Any CPU
	EndGlobalSection
	GlobalSection(ProjectConfigurationPlatforms) = postSolution
		{B75DB1AE-EAD4-4939-A06F-93A086E5E062}.Debug|Any CPU.ActiveCfg = Debug|Any CPU
		{B75DB1AE-EAD4-4939-A06F-93A086E5E062}.Debug|Any CPU.Build.0 = Debug|Any CPU
		{B75DB1AE-EAD4-4939-A06F-93A086E5E062}.Release|Any CPU.ActiveCfg = Release|Any CPU
		{B75DB1AE-EAD4-4939-A06F-93A086E5E062}.Release|Any CPU.Build.0 = Release|Any CPU
	EndGlobalSection
	GlobalSection(SolutionProperties) = preSolution
		HideSolutionNode = FALSE
	EndGlobalSection
	GlobalSection(ExtensibilityGlobals) = postSolution
		SolutionGuid = {002A176A-BC56-4556-8CB0-C30389F3BDEE}
	EndGlobalSection
EndGlobal
